// !$*UTF8*$!
{
	archiveVersion = 1;
	classes = {
	};
	objectVersion = 77;
	objects = {

/* Begin PBXBuildFile section */
		5F2595FC2FA288E900516723 /* WidgetKit.framework in Frameworks */ = {isa = PBXBuildFile; fileRef = 5F2595FB2FA288E900516723 /* WidgetKit.framework */; };
		5F2595FE2FA288E900516723 /* SwiftUI.framework in Frameworks */ = {isa = PBXBuildFile; fileRef = 5F2595FD2FA288E900516723 /* SwiftUI.framework */; };
		5F25960F2FA288EA00516723 /* HyroxappWidgetExtension.appex in Embed Foundation Extensions */ = {isa = PBXBuildFile; fileRef = 5F2595F92FA288E900516723 /* HyroxappWidgetExtension.appex */; settings = {ATTRIBUTES = (RemoveHeadersOnCopy, ); }; };
		5FF7B2E22FB04DAB000FF2B2 /* Supabase in Frameworks */ = {isa = PBXBuildFile; productRef = 5FF7B2E12FB04DAB000FF2B2 /* Supabase */; };
		E100000000000001AAAAAAA1 /* HyroxappWatch Watch App.app in Embed Watch Content */ = {isa = PBXBuildFile; fileRef = D8BC4D412F9B13B2004472F3 /* HyroxappWatch Watch App.app */; settings = {ATTRIBUTES = (RemoveHeadersOnCopy, ); }; };
/* End PBXBuildFile section */

/* Begin PBXContainerItemProxy section */
		5F25960D2FA288EA00516723 /* PBXContainerItemProxy */ = {
			isa = PBXContainerItemProxy;
			containerPortal = 5FDF83BD2F9A9B160099C6D1 /* Project object */;
			proxyType = 1;
			remoteGlobalIDString = 5F2595F82FA288E900516723;
			remoteInfo = HyroxappWidgetExtension;
		};
		5FDF83D32F9A9B1C0099C6D1 /* PBXContainerItemProxy */ = {
			isa = PBXContainerItemProxy;
			containerPortal = 5FDF83BD2F9A9B160099C6D1 /* Project object */;
			proxyType = 1;
			remoteGlobalIDString = 5FDF83C42F9A9B160099C6D1;
			remoteInfo = Hyroxapp;
		};
		5FDF83DD2F9A9B1C0099C6D1 /* PBXContainerItemProxy */ = {
			isa = PBXContainerItemProxy;
			containerPortal = 5FDF83BD2F9A9B160099C6D1 /* Project object */;
			proxyType = 1;
			remoteGlobalIDString = 5FDF83C42F9A9B160099C6D1;
			remoteInfo = Hyroxapp;
		};
		E100000000000002AAAAAAA2 /* PBXContainerItemProxy */ = {
			isa = PBXContainerItemProxy;
			containerPortal = 5FDF83BD2F9A9B160099C6D1 /* Project object */;
			proxyType = 1;
			remoteGlobalIDString = D8BC4D402F9B13B2004472F3;
			remoteInfo = "HyroxappWatch Watch App";
		};
/* End PBXContainerItemProxy section */

/* Begin PBXCopyFilesBuildPhase section */
		5F2596102FA288EA00516723 /* Embed Foundation Extensions */ = {
			isa = PBXCopyFilesBuildPhase;
			buildActionMask = 2147483647;
			dstPath = "";
			dstSubfolderSpec = 13;
			files = (
				5F25960F2FA288EA00516723 /* HyroxappWidgetExtension.appex in Embed Foundation Extensions */,
			);
			name = "Embed Foundation Extensions";
			runOnlyForDeploymentPostprocessing = 0;
		};
		E100000000000003AAAAAAA3 /* Embed Watch Content */ = {
			isa = PBXCopyFilesBuildPhase;
			buildActionMask = 2147483647;
			dstPath = "$(CONTENTS_FOLDER_PATH)/Watch";
			dstSubfolderSpec = 16;
			files = (
				E100000000000001AAAAAAA1 /* HyroxappWatch Watch App.app in Embed Watch Content */,
			);
			name = "Embed Watch Content";
			runOnlyForDeploymentPostprocessing = 0;
		};
/* End PBXCopyFilesBuildPhase section */

/* Begin PBXFileReference section */
		5F2595F92FA288E900516723 /* HyroxappWidgetExtension.appex */ = {isa = PBXFileReference; explicitFileType = "wrapper.app-extension"; includeInIndex = 0; path = HyroxappWidgetExtension.appex; sourceTree = BUILT_PRODUCTS_DIR; };
		5F2595FB2FA288E900516723 /* WidgetKit.framework */ = {isa = PBXFileReference; lastKnownFileType = wrapper.framework; name = WidgetKit.framework; path = System/Library/Frameworks/WidgetKit.framework; sourceTree = SDKROOT; };
		5F2595FD2FA288E900516723 /* SwiftUI.framework */ = {isa = PBXFileReference; lastKnownFileType = wrapper.framework; name = SwiftUI.framework; path = System/Library/Frameworks/SwiftUI.framework; sourceTree = SDKROOT; };
		5FDF83C52F9A9B160099C6D1 /* Hyroxapp.app */ = {isa = PBXFileReference; explicitFileType = wrapper.application; includeInIndex = 0; path = Hyroxapp.app; sourceTree = BUILT_PRODUCTS_DIR; };
		5FDF83D22F9A9B1C0099C6D1 /* HyroxappTests.xctest */ = {isa = PBXFileReference; explicitFileType = wrapper.cfbundle; includeInIndex = 0; path = HyroxappTests.xctest; sourceTree = BUILT_PRODUCTS_DIR; };
		5FDF83DC2F9A9B1C0099C6D1 /* HyroxappUITests.xctest */ = {isa = PBXFileReference; explicitFileType = wrapper.cfbundle; includeInIndex = 0; path = HyroxappUITests.xctest; sourceTree = BUILT_PRODUCTS_DIR; };
		D8BC4D412F9B13B2004472F3 /* HyroxappWatch Watch App.app */ = {isa = PBXFileReference; explicitFileType = wrapper.application; includeInIndex = 0; path = "HyroxappWatch Watch App.app"; sourceTree = BUILT_PRODUCTS_DIR; };
/* End PBXFileReference section */

/* Begin PBXFileSystemSynchronizedBuildFileExceptionSet section */
		5F2596132FA288EA00516723 /* Exceptions for "HyroxappWidget" folder in "HyroxappWidgetExtension" target */ = {
			isa = PBXFileSystemSynchronizedBuildFileExceptionSet;
			membershipExceptions = (
				Info.plist,
			);
			target = 5F2595F82FA288E900516723 /* HyroxappWidgetExtension */;
		};
		5F2596182FA28A3E00516723 /* Exceptions for "Hyroxapp" folder in "HyroxappWidgetExtension" target */ = {
			isa = PBXFileSystemSynchronizedBuildFileExceptionSet;
			membershipExceptions = (
				Shared/FreeRunActivityAttributes.swift,
				Shared/RaceActivityAttributes.swift,
				Shared/Theme.swift,
			);
			target = 5F2595F82FA288E900516723 /* HyroxappWidgetExtension */;
		};
		D846B5952F9B21B10022C5ED /* Exceptions for "Hyroxapp" folder in "HyroxappWatch Watch App" target */ = {
			isa = PBXFileSystemSynchronizedBuildFileExceptionSet;
			membershipExceptions = (
				Features/Race/RaceEngine.swift,
				Models/Division.swift,
				Models/FreeRun.swift,
				Models/FreeRunSplit.swift,
				Models/HRSample.swift,
				Models/HRZone.swift,
				Models/Split.swift,
				Models/Station.swift,
				Shared/DuoSync/SerializedSplit.swift,
				Shared/ExternalHRService.swift,
				Shared/Haptics.swift,
				Shared/RaceStats.swift,
				Shared/Theme.swift,
				Shared/WatchSync/FreeRunStateSnapshot.swift,
				Shared/WatchSync/RaceStateSnapshot.swift,
				Shared/WatchSync/WatchAction.swift,
				Shared/WatchSync/WatchControl.swift,
				Shared/WatchSync/WatchHeartRateUpdate.swift,
				Shared/WatchSync/WatchRepCountUpdate.swift,
			);
			target = D8BC4D402F9B13B2004472F3 /* HyroxappWatch Watch App */;
		};
/* End PBXFileSystemSynchronizedBuildFileExceptionSet section */

/* Begin PBXFileSystemSynchronizedRootGroup section */
		5F2595FF2FA288E900516723 /* HyroxappWidget */ = {
			isa = PBXFileSystemSynchronizedRootGroup;
			exceptions = (
				5F2596132FA288EA00516723 /* Exceptions for "HyroxappWidget" folder in "HyroxappWidgetExtension" target */,
			);
			path = HyroxappWidget;
			sourceTree = "<group>";
		};
		5FDF83C72F9A9B160099C6D1 /* Hyroxapp */ = {
			isa = PBXFileSystemSynchronizedRootGroup;
			exceptions = (
				D846B5952F9B21B10022C5ED /* Exceptions for "Hyroxapp" folder in "HyroxappWatch Watch App" target */,
				5F2596182FA28A3E00516723 /* Exceptions for "Hyroxapp" folder in "HyroxappWidgetExtension" target */,
			);
			path = Hyroxapp;
			sourceTree = "<group>";
		};
		5FDF83D52F9A9B1C0099C6D1 /* HyroxappTests */ = {
			isa = PBXFileSystemSynchronizedRootGroup;
			path = HyroxappTests;
			sourceTree = "<group>";
		};
		5FDF83DF2F9A9B1C0099C6D1 /* HyroxappUITests */ = {
			isa = PBXFileSystemSynchronizedRootGroup;
			path = HyroxappUITests;
			sourceTree = "<group>";
		};
		D8BC4D422F9B13B2004472F3 /* HyroxappWatch Watch App */ = {
			isa = PBXFileSystemSynchronizedRootGroup;
			path = "HyroxappWatch Watch App";
			sourceTree = "<group>";
		};
/* End PBXFileSystemSynchronizedRootGroup section */

/* Begin PBXFrameworksBuildPhase section */
		5F2595F62FA288E900516723 /* Frameworks */ = {
			isa = PBXFrameworksBuildPhase;
			buildActionMask = 2147483647;
			files = (
				5F2595FE2FA288E900516723 /* SwiftUI.framework in Frameworks */,
				5F2595FC2FA288E900516723 /* WidgetKit.framework in Frameworks */,
			);
			runOnlyForDeploymentPostprocessing = 0;
		};
		5FDF83C22F9A9B160099C6D1 /* Frameworks */ = {
			isa = PBXFrameworksBuildPhase;
			buildActionMask = 2147483647;
			files = (
				5FF7B2E22FB04DAB000FF2B2 /* Supabase in Frameworks */,
			);
			runOnlyForDeploymentPostprocessing = 0;
		};
		5FDF83CF2F9A9B1C0099C6D1 /* Frameworks */ = {
			isa = PBXFrameworksBuildPhase;
			buildActionMask = 2147483647;
			files = (
			);
			runOnlyForDeploymentPostprocessing = 0;
		};
		5FDF83D92F9A9B1C0099C6D1 /* Frameworks */ = {
			isa = PBXFrameworksBuildPhase;
			buildActionMask = 2147483647;
			files = (
			);
			runOnlyForDeploymentPostprocessing = 0;
		};
		D8BC4D3E2F9B13B2004472F3 /* Frameworks */ = {
			isa = PBXFrameworksBuildPhase;
			buildActionMask = 2147483647;
			files = (
			);
			runOnlyForDeploymentPostprocessing = 0;
		};
/* End PBXFrameworksBuildPhase section */

/* Begin PBXGroup section */
		5F2595FA2FA288E900516723 /* Frameworks */ = {
			isa = PBXGroup;
			children = (
				5F2595FB2FA288E900516723 /* WidgetKit.framework */,
				5F2595FD2FA288E900516723 /* SwiftUI.framework */,
			);
			name = Frameworks;
			sourceTree = "<group>";
		};
		5FDF83BC2F9A9B160099C6D1 = {
			isa = PBXGroup;
			children = (
				5FDF83C72F9A9B160099C6D1 /* Hyroxapp */,
				5FDF83D52F9A9B1C0099C6D1 /* HyroxappTests */,
				5FDF83DF2F9A9B1C0099C6D1 /* HyroxappUITests */,
				D8BC4D422F9B13B2004472F3 /* HyroxappWatch Watch App */,
				5F2595FF2FA288E900516723 /* HyroxappWidget */,
				5F2595FA2FA288E900516723 /* Frameworks */,
				5FDF83C62F9A9B160099C6D1 /* Products */,
			);
			sourceTree = "<group>";
		};
		5FDF83C62F9A9B160099C6D1 /* Products */ = {
			isa = PBXGroup;
			children = (
				5FDF83C52F9A9B160099C6D1 /* Hyroxapp.app */,
				5FDF83D22F9A9B1C0099C6D1 /* HyroxappTests.xctest */,
				5FDF83DC2F9A9B1C0099C6D1 /* HyroxappUITests.xctest */,
				D8BC4D412F9B13B2004472F3 /* HyroxappWatch Watch App.app */,
				5F2595F92FA288E900516723 /* HyroxappWidgetExtension.appex */,
			);
			name = Products;
			sourceTree = "<group>";
		};
/* End PBXGroup section */

/* Begin PBXNativeTarget section */
		5F2595F82FA288E900516723 /* HyroxappWidgetExtension */ = {
			isa = PBXNativeTarget;
			buildConfigurationList = 5F2596142FA288EA00516723 /* Build configuration list for PBXNativeTarget "HyroxappWidgetExtension" */;
			buildPhases = (
				5F2595F52FA288E900516723 /* Sources */,
				5F2595F62FA288E900516723 /* Frameworks */,
				5F2595F72FA288E900516723 /* Resources */,
			);
			buildRules = (
			);
			dependencies = (
			);
			fileSystemSynchronizedGroups = (
				5F2595FF2FA288E900516723 /* HyroxappWidget */,
			);
			name = HyroxappWidgetExtension;
			packageProductDependencies = (
			);
			productName = HyroxappWidgetExtension;
			productReference = 5F2595F92FA288E900516723 /* HyroxappWidgetExtension.appex */;
			productType = "com.apple.product-type.app-extension";
		};
		5FDF83C42F9A9B160099C6D1 /* Hyroxapp */ = {
			isa = PBXNativeTarget;
			buildConfigurationList = 5FDF83E62F9A9B1C0099C6D1 /* Build configuration list for PBXNativeTarget "Hyroxapp" */;
			buildPhases = (
				5FDF83C12F9A9B160099C6D1 /* Sources */,
				5FDF83C22F9A9B160099C6D1 /* Frameworks */,
				5FDF83C32F9A9B160099C6D1 /* Resources */,
				E100000000000003AAAAAAA3 /* Embed Watch Content */,
				5F2596102FA288EA00516723 /* Embed Foundation Extensions */,
			);
			buildRules = (
			);
			dependencies = (
				E100000000000004AAAAAAA4 /* PBXTargetDependency */,
				5F25960E2FA288EA00516723 /* PBXTargetDependency */,
			);
			fileSystemSynchronizedGroups = (
				5FDF83C72F9A9B160099C6D1 /* Hyroxapp */,
			);
			name = Hyroxapp;
			packageProductDependencies = (
				5FF7B2E12FB04DAB000FF2B2 /* Supabase */,
			);
			productName = Hyroxapp;
			productReference = 5FDF83C52F9A9B160099C6D1 /* Hyroxapp.app */;
			productType = "com.apple.product-type.application";
		};
		5FDF83D12F9A9B1C0099C6D1 /* HyroxappTests */ = {
			isa = PBXNativeTarget;
			buildConfigurationList = 5FDF83E92F9A9B1C0099C6D1 /* Build configuration list for PBXNativeTarget "HyroxappTests" */;
			buildPhases = (
				5FDF83CE2F9A9B1C0099C6D1 /* Sources */,
				5FDF83CF2F9A9B1C0099C6D1 /* Frameworks */,
				5FDF83D02F9A9B1C0099C6D1 /* Resources */,
			);
			buildRules = (
			);
			dependencies = (
				5FDF83D42F9A9B1C0099C6D1 /* PBXTargetDependency */,
			);
			fileSystemSynchronizedGroups = (
				5FDF83D52F9A9B1C0099C6D1 /* HyroxappTests */,
			);
			name = HyroxappTests;
			packageProductDependencies = (
			);
			productName = HyroxappTests;
			productReference = 5FDF83D22F9A9B1C0099C6D1 /* HyroxappTests.xctest */;
			productType = "com.apple.product-type.bundle.unit-test";
		};
		5FDF83DB2F9A9B1C0099C6D1 /* HyroxappUITests */ = {
			isa = PBXNativeTarget;
			buildConfigurationList = 5FDF83EC2F9A9B1C0099C6D1 /* Build configuration list for PBXNativeTarget "HyroxappUITests" */;
			buildPhases = (
				5FDF83D82F9A9B1C0099C6D1 /* Sources */,
				5FDF83D92F9A9B1C0099C6D1 /* Frameworks */,
				5FDF83DA2F9A9B1C0099C6D1 /* Resources */,
			);
			buildRules = (
			);
			dependencies = (
				5FDF83DE2F9A9B1C0099C6D1 /* PBXTargetDependency */,
			);
			fileSystemSynchronizedGroups = (
				5FDF83DF2F9A9B1C0099C6D1 /* HyroxappUITests */,
			);
			name = HyroxappUITests;
			packageProductDependencies = (
			);
			productName = HyroxappUITests;
			productReference = 5FDF83DC2F9A9B1C0099C6D1 /* HyroxappUITests.xctest */;
			productType = "com.apple.product-type.bundle.ui-testing";
		};
		D8BC4D402F9B13B2004472F3 /* HyroxappWatch Watch App */ = {
			isa = PBXNativeTarget;
			buildConfigurationList = D8BC4D492F9B13B3004472F3 /* Build configuration list for PBXNativeTarget "HyroxappWatch Watch App" */;
			buildPhases = (
				D8BC4D3D2F9B13B2004472F3 /* Sources */,
				D8BC4D3E2F9B13B2004472F3 /* Frameworks */,
				D8BC4D3F2F9B13B2004472F3 /* Resources */,
			);
			buildRules = (
			);
			dependencies = (
			);
			fileSystemSynchronizedGroups = (
				D8BC4D422F9B13B2004472F3 /* HyroxappWatch Watch App */,
			);
			name = "HyroxappWatch Watch App";
			packageProductDependencies = (
			);
			productName = "HyroxappWatch Watch App";
			productReference = D8BC4D412F9B13B2004472F3 /* HyroxappWatch Watch App.app */;
			productType = "com.apple.product-type.application";
		};
/* End PBXNativeTarget section */

/* Begin PBXProject section */
		5FDF83BD2F9A9B160099C6D1 /* Project object */ = {
			isa = PBXProject;
			attributes = {
				BuildIndependentTargetsInParallel = 1;
				LastSwiftUpdateCheck = 2640;
				LastUpgradeCheck = 2630;
				TargetAttributes = {
					5F2595F82FA288E900516723 = {
						CreatedOnToolsVersion = 26.4.1;
					};
					5FDF83C42F9A9B160099C6D1 = {
						CreatedOnToolsVersion = 26.3;
					};
					5FDF83D12F9A9B1C0099C6D1 = {
						CreatedOnToolsVersion = 26.3;
						TestTargetID = 5FDF83C42F9A9B160099C6D1;
					};
					5FDF83DB2F9A9B1C0099C6D1 = {
						CreatedOnToolsVersion = 26.3;
						TestTargetID = 5FDF83C42F9A9B160099C6D1;
					};
					D8BC4D402F9B13B2004472F3 = {
						CreatedOnToolsVersion = 26.4.1;
					};
				};
			};
			buildConfigurationList = 5FDF83C02F9A9B160099C6D1 /* Build configuration list for PBXProject "Hyroxapp" */;
			developmentRegion = en;
			hasScannedForEncodings = 0;
			knownRegions = (
				en,
				Base,
			);
			mainGroup = 5FDF83BC2F9A9B160099C6D1;
			minimizedProjectReferenceProxies = 1;
			packageReferences = (
				5FF7B15D2FB04BDB000FF2B2 /* XCRemoteSwiftPackageReference "supabase-swift" */,
			);
			preferredProjectObjectVersion = 77;
			productRefGroup = 5FDF83C62F9A9B160099C6D1 /* Products */;
			projectDirPath = "";
			projectRoot = "";
			targets = (
				5FDF83C42F9A9B160099C6D1 /* Hyroxapp */,
				5FDF83D12F9A9B1C0099C6D1 /* HyroxappTests */,
				5FDF83DB2F9A9B1C0099C6D1 /* HyroxappUITests */,
				D8BC4D402F9B13B2004472F3 /* HyroxappWatch Watch App */,
				5F2595F82FA288E900516723 /* HyroxappWidgetExtension */,
			);
		};
/* End PBXProject section */

/* Begin PBXResourcesBuildPhase section */
		5F2595F72FA288E900516723 /* Resources */ = {
			isa = PBXResourcesBuildPhase;
			buildActionMask = 2147483647;
			files = (
			);
			runOnlyForDeploymentPostprocessing = 0;
		};
		5FDF83C32F9A9B160099C6D1 /* Resources */ = {
			isa = PBXResourcesBuildPhase;
			buildActionMask = 2147483647;
			files = (
			);
			runOnlyForDeploymentPostprocessing = 0;
		};
		5FDF83D02F9A9B1C0099C6D1 /* Resources */ = {
			isa = PBXResourcesBuildPhase;
			buildActionMask = 2147483647;
			files = (
			);
			runOnlyForDeploymentPostprocessing = 0;
		};
		5FDF83DA2F9A9B1C0099C6D1 /* Resources */ = {
			isa = PBXResourcesBuildPhase;
			buildActionMask = 2147483647;
			files = (
			);
			runOnlyForDeploymentPostprocessing = 0;
		};
		D8BC4D3F2F9B13B2004472F3 /* Resources */ = {
			isa = PBXResourcesBuildPhase;
			buildActionMask = 2147483647;
			files = (
			);
			runOnlyForDeploymentPostprocessing = 0;
		};
/* End PBXResourcesBuildPhase section */

/* Begin PBXSourcesBuildPhase section */
		5F2595F52FA288E900516723 /* Sources */ = {
			isa = PBXSourcesBuildPhase;
			buildActionMask = 2147483647;
			files = (
			);
			runOnlyForDeploymentPostprocessing = 0;
		};
		5FDF83C12F9A9B160099C6D1 /* Sources */ = {
			isa = PBXSourcesBuildPhase;
			buildActionMask = 2147483647;
			files = (
			);
			runOnlyForDeploymentPostprocessing = 0;
		};
		5FDF83CE2F9A9B1C0099C6D1 /* Sources */ = {
			isa = PBXSourcesBuildPhase;
			buildActionMask = 2147483647;
			files = (
			);
			runOnlyForDeploymentPostprocessing = 0;
		};
		5FDF83D82F9A9B1C0099C6D1 /* Sources */ = {
			isa = PBXSourcesBuildPhase;
			buildActionMask = 2147483647;
			files = (
			);
			runOnlyForDeploymentPostprocessing = 0;
		};
		D8BC4D3D2F9B13B2004472F3 /* Sources */ = {
			isa = PBXSourcesBuildPhase;
			buildActionMask = 2147483647;
			files = (
			);
			runOnlyForDeploymentPostprocessing = 0;
		};
/* End PBXSourcesBuildPhase section */

/* Begin PBXTargetDependency section */
		5F25960E2FA288EA00516723 /* PBXTargetDependency */ = {
			isa = PBXTargetDependency;
			target = 5F2595F82FA288E900516723 /* HyroxappWidgetExtension */;
			targetProxy = 5F25960D2FA288EA00516723 /* PBXContainerItemProxy */;
		};
		5FDF83D42F9A9B1C0099C6D1 /* PBXTargetDependency */ = {
			isa = PBXTargetDependency;
			target = 5FDF83C42F9A9B160099C6D1 /* Hyroxapp */;
			targetProxy = 5FDF83D32F9A9B1C0099C6D1 /* PBXContainerItemProxy */;
		};
		5FDF83DE2F9A9B1C0099C6D1 /* PBXTargetDependency */ = {
			isa = PBXTargetDependency;
			target = 5FDF83C42F9A9B160099C6D1 /* Hyroxapp */;
			targetProxy = 5FDF83DD2F9A9B1C0099C6D1 /* PBXContainerItemProxy */;
		};
		E100000000000004AAAAAAA4 /* PBXTargetDependency */ = {
			isa = PBXTargetDependency;
			target = D8BC4D402F9B13B2004472F3 /* HyroxappWatch Watch App */;
			targetProxy = E100000000000002AAAAAAA2 /* PBXContainerItemProxy */;
		};
/* End PBXTargetDependency section */

/* Begin XCBuildConfiguration section */
		5F2596112FA288EA00516723 /* Debug */ = {
			isa = XCBuildConfiguration;
			buildSettings = {
				ASSETCATALOG_COMPILER_GLOBAL_ACCENT_COLOR_NAME = AccentColor;
				ASSETCATALOG_COMPILER_WIDGET_BACKGROUND_COLOR_NAME = WidgetBackground;
				CODE_SIGN_STYLE = Automatic;
				CURRENT_PROJECT_VERSION = 50;
				DEVELOPMENT_TEAM = 3VFDXQ78W5;
				GENERATE_INFOPLIST_FILE = YES;
				INFOPLIST_FILE = HyroxappWidget/Info.plist;
				INFOPLIST_KEY_CFBundleDisplayName = HyroxappWidget;
				INFOPLIST_KEY_NSHumanReadableCopyright = "";
				IPHONEOS_DEPLOYMENT_TARGET = 17.0;
				LD_RUNPATH_SEARCH_PATHS = (
					"$(inherited)",
					"@executable_path/Frameworks",
					"@executable_path/../../Frameworks",
				);
				MARKETING_VERSION = 1.0;
				PRODUCT_BUNDLE_IDENTIFIER = com.umanggurung.trakr.HyroxappWidget;
				PRODUCT_NAME = "$(TARGET_NAME)";
				SDKROOT = iphoneos;
				SKIP_INSTALL = YES;
				STRING_CATALOG_GENERATE_SYMBOLS = YES;
				SWIFT_APPROACHABLE_CONCURRENCY = YES;
				SWIFT_DEFAULT_ACTOR_ISOLATION = MainActor;
				SWIFT_EMIT_LOC_STRINGS = YES;
				SWIFT_UPCOMING_FEATURE_MEMBER_IMPORT_VISIBILITY = YES;
				SWIFT_VERSION = 5.0;
				TARGETED_DEVICE_FAMILY = "1,2";
			};
			name = Debug;
		};
		5F2596122FA288EA00516723 /* Release */ = {
			isa = XCBuildConfiguration;
			buildSettings = {
				ASSETCATALOG_COMPILER_GLOBAL_ACCENT_COLOR_NAME = AccentColor;
				ASSETCATALOG_COMPILER_WIDGET_BACKGROUND_COLOR_NAME = WidgetBackground;
				CODE_SIGN_STYLE = Automatic;
				CURRENT_PROJECT_VERSION = 50;
				DEVELOPMENT_TEAM = 3VFDXQ78W5;
				GENERATE_INFOPLIST_FILE = YES;
				INFOPLIST_FILE = HyroxappWidget/Info.plist;
				INFOPLIST_KEY_CFBundleDisplayName = HyroxappWidget;
				INFOPLIST_KEY_NSHumanReadableCopyright = "";
				IPHONEOS_DEPLOYMENT_TARGET = 17.0;
				LD_RUNPATH_SEARCH_PATHS = (
					"$(inherited)",
					"@executable_path/Frameworks",
					"@executable_path/../../Frameworks",
				);
				MARKETING_VERSION = 1.0;
				PRODUCT_BUNDLE_IDENTIFIER = com.umanggurung.trakr.HyroxappWidget;
				PRODUCT_NAME = "$(TARGET_NAME)";
				SDKROOT = iphoneos;
				SKIP_INSTALL = YES;
				STRING_CATALOG_GENERATE_SYMBOLS = YES;
				SWIFT_APPROACHABLE_CONCURRENCY = YES;
				SWIFT_DEFAULT_ACTOR_ISOLATION = MainActor;
				SWIFT_EMIT_LOC_STRINGS = YES;
				SWIFT_UPCOMING_FEATURE_MEMBER_IMPORT_VISIBILITY = YES;
				SWIFT_VERSION = 5.0;
				TARGETED_DEVICE_FAMILY = "1,2";
				VALIDATE_PRODUCT = YES;
			};
			name = Release;
		};
		5FDF83E42F9A9B1C0099C6D1 /* Debug */ = {
			isa = XCBuildConfiguration;
			buildSettings = {
				ALWAYS_SEARCH_USER_PATHS = NO;
				ASSETCATALOG_COMPILER_GENERATE_SWIFT_ASSET_SYMBOL_EXTENSIONS = YES;
				CLANG_ANALYZER_NONNULL = YES;
				CLANG_ANALYZER_NUMBER_OBJECT_CONVERSION = YES_AGGRESSIVE;
				CLANG_CXX_LANGUAGE_STANDARD = "gnu++20";
				CLANG_ENABLE_MODULES = YES;
				CLANG_ENABLE_OBJC_ARC = YES;
				CLANG_ENABLE_OBJC_WEAK = YES;
				CLANG_WARN_BLOCK_CAPTURE_AUTORELEASING = YES;
				CLANG_WARN_BOOL_CONVERSION = YES;
				CLANG_WARN_COMMA = YES;
				CLANG_WARN_CONSTANT_CONVERSION = YES;
				CLANG_WARN_DEPRECATED_OBJC_IMPLEMENTATIONS = YES;
				CLANG_WARN_DIRECT_OBJC_ISA_USAGE = YES_ERROR;
				CLANG_WARN_DOCUMENTATION_COMMENTS = YES;
				CLANG_WARN_EMPTY_BODY = YES;
				CLANG_WARN_ENUM_CONVERSION = YES;
				CLANG_WARN_INFINITE_RECURSION = YES;
				CLANG_WARN_INT_CONVERSION = YES;
				CLANG_WARN_NON_LITERAL_NULL_CONVERSION = YES;
				CLANG_WARN_OBJC_IMPLICIT_RETAIN_SELF = YES;
				CLANG_WARN_OBJC_LITERAL_CONVERSION = YES;
				CLANG_WARN_OBJC_ROOT_CLASS = YES_ERROR;
				CLANG_WARN_QUOTED_INCLUDE_IN_FRAMEWORK_HEADER = YES;
				CLANG_WARN_RANGE_LOOP_ANALYSIS = YES;
				CLANG_WARN_STRICT_PROTOTYPES = YES;
				CLANG_WARN_SUSPICIOUS_MOVE = YES;
				CLANG_WARN_UNGUARDED_AVAILABILITY = YES_AGGRESSIVE;
				CLANG_WARN_UNREACHABLE_CODE = YES;
				CLANG_WARN__DUPLICATE_METHOD_MATCH = YES;
				COPY_PHASE_STRIP = NO;
				DEBUG_INFORMATION_FORMAT = dwarf;
				ENABLE_STRICT_OBJC_MSGSEND = YES;
				ENABLE_TESTABILITY = YES;
				ENABLE_USER_SCRIPT_SANDBOXING = YES;
				GCC_C_LANGUAGE_STANDARD = gnu17;
				GCC_DYNAMIC_NO_PIC = NO;
				GCC_NO_COMMON_BLOCKS = YES;
				GCC_OPTIMIZATION_LEVEL = 0;
				GCC_PREPROCESSOR_DEFINITIONS = (
					"DEBUG=1",
					"$(inherited)",
				);
				GCC_WARN_64_TO_32_BIT_CONVERSION = YES;
				GCC_WARN_ABOUT_RETURN_TYPE = YES_ERROR;
				GCC_WARN_UNDECLARED_SELECTOR = YES;
				GCC_WARN_UNINITIALIZED_AUTOS = YES_AGGRESSIVE;
				GCC_WARN_UNUSED_FUNCTION = YES;
				GCC_WARN_UNUSED_VARIABLE = YES;
				LOCALIZATION_PREFERS_STRING_CATALOGS = YES;
				MTL_ENABLE_DEBUG_INFO = INCLUDE_SOURCE;
				MTL_FAST_MATH = YES;
				ONLY_ACTIVE_ARCH = YES;
				SWIFT_ACTIVE_COMPILATION_CONDITIONS = "DEBUG $(inherited)";
				SWIFT_OPTIMIZATION_LEVEL = "-Onone";
			};
			name = Debug;
		};
		5FDF83E52F9A9B1C0099C6D1 /* Release */ = {
			isa = XCBuildConfiguration;
			buildSettings = {
				ALWAYS_SEARCH_USER_PATHS = NO;
				ASSETCATALOG_COMPILER_GENERATE_SWIFT_ASSET_SYMBOL_EXTENSIONS = YES;
				CLANG_ANALYZER_NONNULL = YES;
				CLANG_ANALYZER_NUMBER_OBJECT_CONVERSION = YES_AGGRESSIVE;
				CLANG_CXX_LANGUAGE_STANDARD = "gnu++20";
				CLANG_ENABLE_MODULES = YES;
				CLANG_ENABLE_OBJC_ARC = YES;
				CLANG_ENABLE_OBJC_WEAK = YES;
				CLANG_WARN_BLOCK_CAPTURE_AUTORELEASING = YES;
				CLANG_WARN_BOOL_CONVERSION = YES;
				CLANG_WARN_COMMA = YES;
				CLANG_WARN_CONSTANT_CONVERSION = YES;
				CLANG_WARN_DEPRECATED_OBJC_IMPLEMENTATIONS = YES;
				CLANG_WARN_DIRECT_OBJC_ISA_USAGE = YES_ERROR;
				CLANG_WARN_DOCUMENTATION_COMMENTS = YES;
				CLANG_WARN_EMPTY_BODY = YES;
				CLANG_WARN_ENUM_CONVERSION = YES;
				CLANG_WARN_INFINITE_RECURSION = YES;
				CLANG_WARN_INT_CONVERSION = YES;
				CLANG_WARN_NON_LITERAL_NULL_CONVERSION = YES;
				CLANG_WARN_OBJC_IMPLICIT_RETAIN_SELF = YES;
				CLANG_WARN_OBJC_LITERAL_CONVERSION = YES;
				CLANG_WARN_OBJC_ROOT_CLASS = YES_ERROR;
				CLANG_WARN_QUOTED_INCLUDE_IN_FRAMEWORK_HEADER = YES;
				CLANG_WARN_RANGE_LOOP_ANALYSIS = YES;
				CLANG_WARN_STRICT_PROTOTYPES = YES;
				CLANG_WARN_SUSPICIOUS_MOVE = YES;
				CLANG_WARN_UNGUARDED_AVAILABILITY = YES_AGGRESSIVE;
				CLANG_WARN_UNREACHABLE_CODE = YES;
				CLANG_WARN__DUPLICATE_METHOD_MATCH = YES;
				COPY_PHASE_STRIP = NO;
				DEBUG_INFORMATION_FORMAT = "dwarf-with-dsym";
				ENABLE_NS_ASSERTIONS = NO;
				ENABLE_STRICT_OBJC_MSGSEND = YES;
				ENABLE_USER_SCRIPT_SANDBOXING = YES;
				GCC_C_LANGUAGE_STANDARD = gnu17;
				GCC_NO_COMMON_BLOCKS = YES;
				GCC_WARN_64_TO_32_BIT_CONVERSION = YES;
				GCC_WARN_ABOUT_RETURN_TYPE = YES_ERROR;
				GCC_WARN_UNDECLARED_SELECTOR = YES;
				GCC_WARN_UNINITIALIZED_AUTOS = YES_AGGRESSIVE;
				GCC_WARN_UNUSED_FUNCTION = YES;
				GCC_WARN_UNUSED_VARIABLE = YES;
				LOCALIZATION_PREFERS_STRING_CATALOGS = YES;
				MTL_ENABLE_DEBUG_INFO = NO;
				MTL_FAST_MATH = YES;
				SWIFT_COMPILATION_MODE = wholemodule;
			};
			name = Release;
		};
		5FDF83E72F9A9B1C0099C6D1 /* Debug */ = {
			isa = XCBuildConfiguration;
			buildSettings = {
				ASSETCATALOG_COMPILER_APPICON_NAME = AppIcon;
				ASSETCATALOG_COMPILER_GLOBAL_ACCENT_COLOR_NAME = AccentColor;
				CODE_SIGN_ENTITLEMENTS = Hyroxapp/Hyroxapp.entitlements;
				CODE_SIGN_STYLE = Automatic;
				CURRENT_PROJECT_VERSION = 50;
				DEVELOPMENT_TEAM = 3VFDXQ78W5;
				ENABLE_APP_SANDBOX = YES;
				ENABLE_PREVIEWS = YES;
				ENABLE_USER_SELECTED_FILES = readonly;
				GENERATE_INFOPLIST_FILE = NO;
				INFOPLIST_FILE = "Hyroxapp-Info.plist";
				IPHONEOS_DEPLOYMENT_TARGET = 17.0;
				LD_RUNPATH_SEARCH_PATHS = "@executable_path/Frameworks";
				"LD_RUNPATH_SEARCH_PATHS[sdk=macosx*]" = "@executable_path/../Frameworks";
				MACOSX_DEPLOYMENT_TARGET = 15.6;
				MARKETING_VERSION = 1.0;
				PRODUCT_BUNDLE_IDENTIFIER = com.umanggurung.trakr;
				PRODUCT_NAME = "$(TARGET_NAME)";
				REGISTER_APP_GROUPS = YES;
				SDKROOT = auto;
				STRING_CATALOG_GENERATE_SYMBOLS = YES;
				SUPPORTED_PLATFORMS = "iphoneos iphonesimulator macosx xros xrsimulator";
				SWIFT_APPROACHABLE_CONCURRENCY = YES;
				SWIFT_DEFAULT_ACTOR_ISOLATION = MainActor;
				SWIFT_EMIT_LOC_STRINGS = YES;
				SWIFT_UPCOMING_FEATURE_MEMBER_IMPORT_VISIBILITY = YES;
				SWIFT_VERSION = 5.0;
				TARGETED_DEVICE_FAMILY = "1,2,7";
				XROS_DEPLOYMENT_TARGET = 26.2;
			};
			name = Debug;
		};
		5FDF83E82F9A9B1C0099C6D1 /* Release */ = {
			isa = XCBuildConfiguration;
			buildSettings = {
				ASSETCATALOG_COMPILER_APPICON_NAME = AppIcon;
				ASSETCATALOG_COMPILER_GLOBAL_ACCENT_COLOR_NAME = AccentColor;
				CODE_SIGN_ENTITLEMENTS = Hyroxapp/Hyroxapp.entitlements;
				CODE_SIGN_STYLE = Automatic;
				CURRENT_PROJECT_VERSION = 50;
				DEVELOPMENT_TEAM = 3VFDXQ78W5;
				ENABLE_APP_SANDBOX = YES;
				ENABLE_PREVIEWS = YES;
				ENABLE_USER_SELECTED_FILES = readonly;
				GENERATE_INFOPLIST_FILE = NO;
				INFOPLIST_FILE = "Hyroxapp-Info.plist";
				IPHONEOS_DEPLOYMENT_TARGET = 17.0;
				LD_RUNPATH_SEARCH_PATHS = "@executable_path/Frameworks";
				"LD_RUNPATH_SEARCH_PATHS[sdk=macosx*]" = "@executable_path/../Frameworks";
				MACOSX_DEPLOYMENT_TARGET = 15.6;
				MARKETING_VERSION = 1.0;
				PRODUCT_BUNDLE_IDENTIFIER = com.umanggurung.trakr;
				PRODUCT_NAME = "$(TARGET_NAME)";
				REGISTER_APP_GROUPS = YES;
				SDKROOT = auto;
				STRING_CATALOG_GENERATE_SYMBOLS = YES;
				SUPPORTED_PLATFORMS = "iphoneos iphonesimulator macosx xros xrsimulator";
				SWIFT_APPROACHABLE_CONCURRENCY = YES;
				SWIFT_DEFAULT_ACTOR_ISOLATION = MainActor;
				SWIFT_EMIT_LOC_STRINGS = YES;
				SWIFT_UPCOMING_FEATURE_MEMBER_IMPORT_VISIBILITY = YES;
				SWIFT_VERSION = 5.0;
				TARGETED_DEVICE_FAMILY = "1,2,7";
				XROS_DEPLOYMENT_TARGET = 26.2;
			};
			name = Release;
		};
		5FDF83EA2F9A9B1C0099C6D1 /* Debug */ = {
			isa = XCBuildConfiguration;
			buildSettings = {
				BUNDLE_LOADER = "$(TEST_HOST)";
				CODE_SIGN_STYLE = Automatic;
				CURRENT_PROJECT_VERSION = 50;
				DEVELOPMENT_TEAM = 3VFDXQ78W5;
				GENERATE_INFOPLIST_FILE = YES;
				IPHONEOS_DEPLOYMENT_TARGET = 17.0;
				MACOSX_DEPLOYMENT_TARGET = 15.6;
				MARKETING_VERSION = 1.0;
				PRODUCT_BUNDLE_IDENTIFIER = com.umanggurung.trakr.tests;
				PRODUCT_NAME = "$(TARGET_NAME)";
				SDKROOT = auto;
				STRING_CATALOG_GENERATE_SYMBOLS = NO;
				SUPPORTED_PLATFORMS = "iphoneos iphonesimulator macosx xros xrsimulator";
				SWIFT_APPROACHABLE_CONCURRENCY = YES;
				SWIFT_EMIT_LOC_STRINGS = NO;
				SWIFT_UPCOMING_FEATURE_MEMBER_IMPORT_VISIBILITY = YES;
				SWIFT_VERSION = 5.0;
				TARGETED_DEVICE_FAMILY = "1,2,7";
				TEST_HOST = "$(BUILT_PRODUCTS_DIR)/Hyroxapp.app/$(BUNDLE_EXECUTABLE_FOLDER_PATH)/Hyroxapp";
				XROS_DEPLOYMENT_TARGET = 26.2;
			};
			name = Debug;
		};
		5FDF83EB2F9A9B1C0099C6D1 /* Release */ = {
			isa = XCBuildConfiguration;
			buildSettings = {
				BUNDLE_LOADER = "$(TEST_HOST)";
				CODE_SIGN_STYLE = Automatic;
				CURRENT_PROJECT_VERSION = 50;
				DEVELOPMENT_TEAM = 3VFDXQ78W5;
				GENERATE_INFOPLIST_FILE = YES;
				IPHONEOS_DEPLOYMENT_TARGET = 17.0;
				MACOSX_DEPLOYMENT_TARGET = 15.6;
				MARKETING_VERSION = 1.0;
				PRODUCT_BUNDLE_IDENTIFIER = com.umanggurung.trakr.tests;
				PRODUCT_NAME = "$(TARGET_NAME)";
				SDKROOT = auto;
				STRING_CATALOG_GENERATE_SYMBOLS = NO;
				SUPPORTED_PLATFORMS = "iphoneos iphonesimulator macosx xros xrsimulator";
				SWIFT_APPROACHABLE_CONCURRENCY = YES;
				SWIFT_EMIT_LOC_STRINGS = NO;
				SWIFT_UPCOMING_FEATURE_MEMBER_IMPORT_VISIBILITY = YES;
				SWIFT_VERSION = 5.0;
				TARGETED_DEVICE_FAMILY = "1,2,7";
				TEST_HOST = "$(BUILT_PRODUCTS_DIR)/Hyroxapp.app/$(BUNDLE_EXECUTABLE_FOLDER_PATH)/Hyroxapp";
				XROS_DEPLOYMENT_TARGET = 26.2;
			};
			name = Release;
		};
		5FDF83ED2F9A9B1C0099C6D1 /* Debug */ = {
			isa = XCBuildConfiguration;
			buildSettings = {
				CODE_SIGN_STYLE = Automatic;
				CURRENT_PROJECT_VERSION = 50;
				DEVELOPMENT_TEAM = 3VFDXQ78W5;
				GENERATE_INFOPLIST_FILE = YES;
				IPHONEOS_DEPLOYMENT_TARGET = 17.0;
				MACOSX_DEPLOYMENT_TARGET = 15.6;
				MARKETING_VERSION = 1.0;
				PRODUCT_BUNDLE_IDENTIFIER = com.umanggurung.trakr.uitests;
				PRODUCT_NAME = "$(TARGET_NAME)";
				SDKROOT = auto;
				STRING_CATALOG_GENERATE_SYMBOLS = NO;
				SUPPORTED_PLATFORMS = "iphoneos iphonesimulator macosx xros xrsimulator";
				SWIFT_APPROACHABLE_CONCURRENCY = YES;
				SWIFT_EMIT_LOC_STRINGS = NO;
				SWIFT_UPCOMING_FEATURE_MEMBER_IMPORT_VISIBILITY = YES;
				SWIFT_VERSION = 5.0;
				TARGETED_DEVICE_FAMILY = "1,2,7";
				TEST_TARGET_NAME = Hyroxapp;
				XROS_DEPLOYMENT_TARGET = 26.2;
			};
			name = Debug;
		};
		5FDF83EE2F9A9B1C0099C6D1 /* Release */ = {
			isa = XCBuildConfiguration;
			buildSettings = {
				CODE_SIGN_STYLE = Automatic;
				CURRENT_PROJECT_VERSION = 50;
				DEVELOPMENT_TEAM = 3VFDXQ78W5;
				GENERATE_INFOPLIST_FILE = YES;
				IPHONEOS_DEPLOYMENT_TARGET = 17.0;
				MACOSX_DEPLOYMENT_TARGET = 15.6;
				MARKETING_VERSION = 1.0;
				PRODUCT_BUNDLE_IDENTIFIER = com.umanggurung.trakr.uitests;
				PRODUCT_NAME = "$(TARGET_NAME)";
				SDKROOT = auto;
				STRING_CATALOG_GENERATE_SYMBOLS = NO;
				SUPPORTED_PLATFORMS = "iphoneos iphonesimulator macosx xros xrsimulator";
				SWIFT_APPROACHABLE_CONCURRENCY = YES;
				SWIFT_EMIT_LOC_STRINGS = NO;
				SWIFT_UPCOMING_FEATURE_MEMBER_IMPORT_VISIBILITY = YES;
				SWIFT_VERSION = 5.0;
				TARGETED_DEVICE_FAMILY = "1,2,7";
				TEST_TARGET_NAME = Hyroxapp;
				XROS_DEPLOYMENT_TARGET = 26.2;
			};
			name = Release;
		};
		D8BC4D4A2F9B13B3004472F3 /* Debug */ = {
			isa = XCBuildConfiguration;
			buildSettings = {
				ASSETCATALOG_COMPILER_APPICON_NAME = AppIcon;
				ASSETCATALOG_COMPILER_GLOBAL_ACCENT_COLOR_NAME = AccentColor;
				CODE_SIGN_ENTITLEMENTS = "HyroxappWatch Watch App/HyroxappWatch.entitlements";
				CODE_SIGN_STYLE = Automatic;
				CURRENT_PROJECT_VERSION = 50;
				DEVELOPMENT_TEAM = 3VFDXQ78W5;
				ENABLE_PREVIEWS = YES;
				GENERATE_INFOPLIST_FILE = YES;
				INFOPLIST_KEY_CFBundleDisplayName = HyroxappWatch;
				INFOPLIST_KEY_NSHealthShareUsageDescription = "Trakrr reads your heart rate during races so the timer screen can show live BPM and the post-race summary can show per-station averages.";
				INFOPLIST_KEY_NSHealthUpdateUsageDescription = "Trakrr writes your finished races to Apple Health so they appear alongside your other workouts and earn Activity ring credit.";
				INFOPLIST_KEY_NSMotionUsageDescription = "Trakrr uses your Apple Watch's motion sensors to count reps on rep-based HYROX stations (wall balls, burpees, lunges, farmers carry) so you don't have to count manually during a race.";
				INFOPLIST_KEY_UISupportedInterfaceOrientations = "UIInterfaceOrientationPortrait UIInterfaceOrientationPortraitUpsideDown";
				INFOPLIST_KEY_WKCompanionAppBundleIdentifier = com.umanggurung.trakr;
				LD_RUNPATH_SEARCH_PATHS = (
					"$(inherited)",
					"@executable_path/Frameworks",
				);
				MARKETING_VERSION = 1.0;
				PRODUCT_BUNDLE_IDENTIFIER = com.umanggurung.trakr.watchkitapp;
				PRODUCT_NAME = "$(TARGET_NAME)";
				SDKROOT = watchos;
				SKIP_INSTALL = YES;
				STRING_CATALOG_GENERATE_SYMBOLS = YES;
				SWIFT_APPROACHABLE_CONCURRENCY = YES;
				SWIFT_DEFAULT_ACTOR_ISOLATION = MainActor;
				SWIFT_EMIT_LOC_STRINGS = YES;
				SWIFT_UPCOMING_FEATURE_MEMBER_IMPORT_VISIBILITY = YES;
				SWIFT_VERSION = 5.0;
				TARGETED_DEVICE_FAMILY = 4;
				WATCHOS_DEPLOYMENT_TARGET = 10.0;
			};
			name = Debug;
		};
		D8BC4D4B2F9B13B3004472F3 /* Release */ = {
			isa = XCBuildConfiguration;
			buildSettings = {
				ASSETCATALOG_COMPILER_APPICON_NAME = AppIcon;
				ASSETCATALOG_COMPILER_GLOBAL_ACCENT_COLOR_NAME = AccentColor;
				CODE_SIGN_ENTITLEMENTS = "HyroxappWatch Watch App/HyroxappWatch.entitlements";
				CODE_SIGN_STYLE = Automatic;
				CURRENT_PROJECT_VERSION = 50;
				DEVELOPMENT_TEAM = 3VFDXQ78W5;
				ENABLE_PREVIEWS = YES;
				GENERATE_INFOPLIST_FILE = YES;
				INFOPLIST_KEY_CFBundleDisplayName = HyroxappWatch;
				INFOPLIST_KEY_NSHealthShareUsageDescription = "Trakrr reads your heart rate during races so the timer screen can show live BPM and the post-race summary can show per-station averages.";
				INFOPLIST_KEY_NSHealthUpdateUsageDescription = "Trakrr writes your finished races to Apple Health so they appear alongside your other workouts and earn Activity ring credit.";
				INFOPLIST_KEY_NSMotionUsageDescription = "Trakrr uses your Apple Watch's motion sensors to count reps on rep-based HYROX stations (wall balls, burpees, lunges, farmers carry) so you don't have to count manually during a race.";
				INFOPLIST_KEY_UISupportedInterfaceOrientations = "UIInterfaceOrientationPortrait UIInterfaceOrientationPortraitUpsideDown";
				INFOPLIST_KEY_WKCompanionAppBundleIdentifier = com.umanggurung.trakr;
				LD_RUNPATH_SEARCH_PATHS = (
					"$(inherited)",
					"@executable_path/Frameworks",
				);
				MARKETING_VERSION = 1.0;
				PRODUCT_BUNDLE_IDENTIFIER = com.umanggurung.trakr.watchkitapp;
				PRODUCT_NAME = "$(TARGET_NAME)";
				SDKROOT = watchos;
				SKIP_INSTALL = YES;
				STRING_CATALOG_GENERATE_SYMBOLS = YES;
				SWIFT_APPROACHABLE_CONCURRENCY = YES;
				SWIFT_DEFAULT_ACTOR_ISOLATION = MainActor;
				SWIFT_EMIT_LOC_STRINGS = YES;
				SWIFT_UPCOMING_FEATURE_MEMBER_IMPORT_VISIBILITY = YES;
				SWIFT_VERSION = 5.0;
				TARGETED_DEVICE_FAMILY = 4;
				VALIDATE_PRODUCT = YES;
				WATCHOS_DEPLOYMENT_TARGET = 10.0;
			};
			name = Release;
		};
/* End XCBuildConfiguration section */

/* Begin XCConfigurationList section */
		5F2596142FA288EA00516723 /* Build configuration list for PBXNativeTarget "HyroxappWidgetExtension" */ = {
			isa = XCConfigurationList;
			buildConfigurations = (
				5F2596112FA288EA00516723 /* Debug */,
				5F2596122FA288EA00516723 /* Release */,
			);
			defaultConfigurationIsVisible = 0;
			defaultConfigurationName = Release;
		};
		5FDF83C02F9A9B160099C6D1 /* Build configuration list for PBXProject "Hyroxapp" */ = {
			isa = XCConfigurationList;
			buildConfigurations = (
				5FDF83E42F9A9B1C0099C6D1 /* Debug */,
				5FDF83E52F9A9B1C0099C6D1 /* Release */,
			);
			defaultConfigurationIsVisible = 0;
			defaultConfigurationName = Release;
		};
		5FDF83E62F9A9B1C0099C6D1 /* Build configuration list for PBXNativeTarget "Hyroxapp" */ = {
			isa = XCConfigurationList;
			buildConfigurations = (
				5FDF83E72F9A9B1C0099C6D1 /* Debug */,
				5FDF83E82F9A9B1C0099C6D1 /* Release */,
			);
			defaultConfigurationIsVisible = 0;
			defaultConfigurationName = Release;
		};
		5FDF83E92F9A9B1C0099C6D1 /* Build configuration list for PBXNativeTarget "HyroxappTests" */ = {
			isa = XCConfigurationList;
			buildConfigurations = (
				5FDF83EA2F9A9B1C0099C6D1 /* Debug */,
				5FDF83EB2F9A9B1C0099C6D1 /* Release */,
			);
			defaultConfigurationIsVisible = 0;
			defaultConfigurationName = Release;
		};
		5FDF83EC2F9A9B1C0099C6D1 /* Build configuration list for PBXNativeTarget "HyroxappUITests" */ = {
			isa = XCConfigurationList;
			buildConfigurations = (
				5FDF83ED2F9A9B1C0099C6D1 /* Debug */,
				5FDF83EE2F9A9B1C0099C6D1 /* Release */,
			);
			defaultConfigurationIsVisible = 0;
			defaultConfigurationName = Release;
		};
		D8BC4D492F9B13B3004472F3 /* Build configuration list for PBXNativeTarget "HyroxappWatch Watch App" */ = {
			isa = XCConfigurationList;
			buildConfigurations = (
				D8BC4D4A2F9B13B3004472F3 /* Debug */,
				D8BC4D4B2F9B13B3004472F3 /* Release */,
			);
			defaultConfigurationIsVisible = 0;
			defaultConfigurationName = Release;
		};
/* End XCConfigurationList section */

/* Begin XCRemoteSwiftPackageReference section */
		5FF7B15D2FB04BDB000FF2B2 /* XCRemoteSwiftPackageReference "supabase-swift" */ = {
			isa = XCRemoteSwiftPackageReference;
			repositoryURL = "https://github.com/supabase/supabase-swift";
			requirement = {
				kind = upToNextMajorVersion;
				minimumVersion = 2.5.1;
			};
		};
/* End XCRemoteSwiftPackageReference section */

/* Begin XCSwiftPackageProductDependency section */
		5FF7B2E12FB04DAB000FF2B2 /* Supabase */ = {
			isa = XCSwiftPackageProductDependency;
			package = 5FF7B15D2FB04BDB000FF2B2 /* XCRemoteSwiftPackageReference "supabase-swift" */;
			productName = Supabase;
		};
/* End XCSwiftPackageProductDependency section */
	};
	rootObject = 5FDF83BD2F9A9B160099C6D1 /* Project object */;
}
